github.com/alfonsomorales11/figurasgo v0.0.0-20230324191344-86f4ba49bb92 h1:6oNSBLqCL70ovhzau9v4CDVSvi5T8lRdfr/59y1jZHc=
github.com/alfonsomorales11/figurasgo v0.0.0-20230324191344-86f4ba49bb92/go.mod h1:4BIsPht5ZyuTypJYHGN3mxlmv/06c39XluEBUAP7+Ew=
github.com/alfonsomorales11/figurasgo v0.0.0-20230324192040-6cb245733891 h1:Z55P/y18BV96NDFjFsal0iwOyk/zj4rEIDwcvcFc/wk=
github.com/alfonsomorales11/figurasgo v0.0.0-20230324192040-6cb245733891/go.mod h1:4BIsPht5ZyuTypJYHGN3mxlmv/06c39XluEBUAP7+Ew=
github.com/alfonsomorales11/figurasgo v0.0.0-20230324193602-23207d37afee h1:INS82h4aDI7beZ5S1V986nLl08N2rF0jeCsYmJHlQkc=
github.com/alfonsomorales11/figurasgo v0.0.0-20230324193602-23207d37afee/go.mod h1:4BIsPht5ZyuTypJYHGN3mxlmv/06c39XluEBUAP7+Ew=
